
Microsoft Visual Studio Solution File, Format Version 12.00
# Visual Studio 2012
Project("{FAE04EC0-301F-11D3-BF4B-00C04F79EFBC}") = "escobar", "escobar\escobar.csproj", "{F9670834-D4A7-4AB8-A6FF-B8850F9AF995}"
EndProject
Global
	GlobalSection(SolutionConfigurationPlatforms) = preSolution
		Debug|Any CPU = Debug|Any CPU
		Release|Any CPU = Release|Any CPU
	EndGlobalSection
	GlobalSection(ProjectConfigurationPlatforms) = postSolution
		{F9670834-D4A7-4AB8-A6FF-B8850F9AF995}.Debug|Any CPU.ActiveCfg = Debug|Any CPU
		{F9670834-D4A7-4AB8-A6FF-B8850F9AF995}.Debug|Any CPU.Build.0 = Debug|Any CPU
		{F9670834-D4A7-4AB8-A6FF-B8850F9AF995}.Release|Any CPU.ActiveCfg = Release|Any CPU
		{F9670834-D4A7-4AB8-A6FF-B8850F9AF995}.Release|Any CPU.Build.0 = Release|Any CPU
	EndGlobalSection
	GlobalSection(SolutionProperties) = preSolution
		HideSolutionNode = FALSE
	EndGlobalSection
EndGlobal
